{
  "name": "licence-canary-fixture",
  "version": "0.0.0",
  "lockfileVersion": 3,
  "requires": true,
  "packages": {
    "": {
      "name": "licence-canary-fixture",
      "version": "0.0.0",
      "dependencies": {
        "@fixture-scope/parent": "1.0.0"
      }
    },
    "node_modules/@fixture-scope/parent": {
      "version": "1.0.0",
      "resolved": "https://registry.npmjs.org/@fixture-scope/parent/-/parent-1.0.0.tgz",
      "license": "MIT",
      "dependencies": {
        "gpl-violator": "1.0.0"
      }
    },
    "node_modules/@fixture-scope/parent/node_modules/gpl-violator": {
      "version": "1.0.0",
      "resolved": "https://registry.npmjs.org/gpl-violator/-/gpl-violator-1.0.0.tgz",
      "license": "GPL-3.0"
    }
  }
}
