{
  "name": "remote-canary-fixture",
  "version": "0.0.0",
  "lockfileVersion": 3,
  "requires": true,
  "packages": {
    "": {
      "name": "remote-canary-fixture",
      "version": "0.0.0",
      "dependencies": {
        "is-number": "https://github.com/jonschlinkert/is-number/archive/98e8ff1da1a89f93d1397a24d7413ed15421c139.tar.gz"
      }
    },
    "node_modules/is-number": {
      "version": "7.0.0",
      "resolved": "https://github.com/jonschlinkert/is-number/archive/98e8ff1da1a89f93d1397a24d7413ed15421c139.tar.gz",
      "integrity": "sha512-i6H8exN6+GNlQil/h332wpAVudv+/oZHE+RB5X5II0plCyeoaTz0ajgHZMF/FEU1kTCLcSVo6a7Be/oOPr5ivg==",
      "license": "MIT",
      "engines": {
        "node": ">=0.12.0"
      }
    }
  }
}
