{
  "name": "consumer-compliant-fixture",
  "version": "0.0.0",
  "lockfileVersion": 3,
  "requires": true,
  "packages": {
    "": {
      "name": "consumer-compliant-fixture",
      "version": "0.0.0",
      "dependencies": {
        "@fixture-scope/toolkit": "1.0.0",
        "fixture-local": "0.0.0"
      }
    },
    "node_modules/@fixture-scope/toolkit": {
      "version": "1.0.0",
      "resolved": "https://registry.npmjs.org/@fixture-scope/toolkit/-/toolkit-1.0.0.tgz",
      "license": "MIT",
      "dependencies": {
        "fixture-dual": "2.0.0"
      }
    },
    "node_modules/@fixture-scope/toolkit/node_modules/fixture-dual": {
      "version": "2.0.0",
      "resolved": "https://registry.npmjs.org/fixture-dual/-/fixture-dual-2.0.0.tgz",
      "license": "(MIT OR Apache-2.0)"
    },
    "node_modules/fixture-local": {
      "resolved": "packages/fixture-local",
      "link": true
    }
  }
}
