{
  "name": "consumer-substituted-fixture",
  "version": "0.0.0",
  "lockfileVersion": 3,
  "requires": true,
  "packages": {
    "": {
      "name": "consumer-substituted-fixture",
      "version": "0.0.0",
      "dependencies": {
        "fixture-dual": "2.0.0"
      }
    },
    "node_modules/fixture-dual": {
      "version": "2.0.0",
      "resolved": "https://registry.npmjs.org/fixture-substitute/-/fixture-substitute-9.9.9.tgz",
      "integrity": "sha512-c3Vic3RpdHV0ZQ000000000000000000000000000000000000000000000000000000000000000000000000==",
      "license": "MIT"
    }
  }
}
