{
  "name": "git-canary-fixture",
  "version": "0.0.0",
  "lockfileVersion": 3,
  "requires": true,
  "packages": {
    "": {
      "name": "git-canary-fixture",
      "version": "0.0.0",
      "dependencies": {
        "is-number": "github:jonschlinkert/is-number#98e8ff1da1a89f93d1397a24d7413ed15421c139"
      }
    },
    "node_modules/is-number": {
      "version": "7.0.0",
      "resolved": "git+ssh://git@github.com/jonschlinkert/is-number.git#98e8ff1da1a89f93d1397a24d7413ed15421c139",
      "integrity": "sha512-zBKG4vl6Xb28YBfMrUK4gYROd7KUrLg5kRs7UqzqFmR8CvEw8vY6FrcDtXeepYb5s0+A2H6oCfv/VCi/KOZgjQ==",
      "license": "MIT",
      "engines": {
        "node": ">=0.12.0"
      }
    }
  }
}
