{
  "name": "consumer-licence-seeded-fixture",
  "version": "0.0.0",
  "lockfileVersion": 3,
  "requires": true,
  "packages": {
    "": {
      "name": "consumer-licence-seeded-fixture",
      "version": "0.0.0",
      "dependencies": {
        "@fixture-scope/toolkit": "1.0.0"
      }
    },
    "node_modules/@fixture-scope/toolkit": {
      "version": "1.0.0",
      "resolved": "https://registry.npmjs.org/@fixture-scope/toolkit/-/toolkit-1.0.0.tgz",
      "license": "MIT",
      "dependencies": {
        "fixture-runtime": "3.1.0"
      }
    },
    "node_modules/@fixture-scope/toolkit/node_modules/fixture-runtime": {
      "version": "3.1.0",
      "resolved": "https://registry.npmjs.org/fixture-runtime/-/fixture-runtime-3.1.0.tgz",
      "license": "Apache-2.0 WITH LLVM-exception"
    }
  }
}
