{
  "name": "consumer-lockfile-v1-fixture",
  "version": "0.0.0",
  "lockfileVersion": 1,
  "requires": true,
  "dependencies": {
    "fixture-dual": {
      "version": "2.0.0",
      "resolved": "https://registry.npmjs.org/fixture-dual/-/fixture-dual-2.0.0.tgz",
      "integrity": "sha512-Zml4dHVyZS1kdWFs00000000000000000000000000000000000000000000000000000000000000000000=="
    }
  }
}
