{
  "name": "consumer-age-seeded-fixture",
  "version": "0.0.0",
  "lockfileVersion": 3,
  "requires": true,
  "packages": {
    "": {
      "name": "consumer-age-seeded-fixture",
      "version": "0.0.0",
      "dependencies": {
        "fixture-mirror": "1.4.2"
      }
    },
    "node_modules/fixture-mirror": {
      "version": "1.4.2",
      "resolved": "https://npm.internal.example.com/fixture-mirror/-/fixture-mirror-1.4.2.tgz",
      "integrity": "sha512-Zm0000000000000000000000000000000000000000000000000000000000000000000000000000000000000ZmZmZmZmZmZmZmZmZmZmZmZmZmZmZmZmZmA==",
      "license": "MIT"
    }
  }
}
